// !$*UTF8*$!
{
	archiveVersion = 1;
	classes = {
	};
	objectVersion = 56;
	objects = {

/* Begin PBXBuildFile section */
		27747C742AF961700088C321 /* MediumCalendarView.swift in Sources */ = {isa = PBXBuildFile; fileRef = 27747C722AF961520088C321 /* MediumCalendarView.swift */; };
		27747C772AF963EA0088C321 /* CircularCalendarView.swift in Sources */ = {isa = PBXBuildFile; fileRef = 27747C752AF963C10088C321 /* CircularCalendarView.swift */; };
		27747C7A2AF966460088C321 /* RectangularCalendarView.swift in Sources */ = {isa = PBXBuildFile; fileRef = 27747C782AF9660B0088C321 /* RectangularCalendarView.swift */; };
		277E17812AF18F85004E7A77 /* SwiftCalApp.swift in Sources */ = {isa = PBXBuildFile; fileRef = 277E17802AF18F85004E7A77 /* SwiftCalApp.swift */; };
		277E17832AF18F85004E7A77 /* CalendarView.swift in Sources */ = {isa = PBXBuildFile; fileRef = 277E17822AF18F85004E7A77 /* CalendarView.swift */; };
		277E17852AF18F86004E7A77 /* Assets.xcassets in Resources */ = {isa = PBXBuildFile; fileRef = 277E17842AF18F86004E7A77 /* Assets.xcassets */; };
		277E17882AF18F86004E7A77 /* Preview Assets.xcassets in Resources */ = {isa = PBXBuildFile; fileRef = 277E17872AF18F86004E7A77 /* Preview Assets.xcassets */; };
		277E178A2AF18F86004E7A77 /* Persistence.swift in Sources */ = {isa = PBXBuildFile; fileRef = 277E17892AF18F86004E7A77 /* Persistence.swift */; };
		277E178D2AF18F86004E7A77 /* SwiftCal.xcdatamodeld in Sources */ = {isa = PBXBuildFile; fileRef = 277E178B2AF18F86004E7A77 /* SwiftCal.xcdatamodeld */; };
		277E17942AF19E1E004E7A77 /* Date+.swift in Sources */ = {isa = PBXBuildFile; fileRef = 277E17932AF19E1E004E7A77 /* Date+.swift */; };
		277E17962AF1A82B004E7A77 /* StreakView.swift in Sources */ = {isa = PBXBuildFile; fileRef = 277E17952AF1A82B004E7A77 /* StreakView.swift */; };
		27E2CC342AF41257003712DC /* WidgetKit.framework in Frameworks */ = {isa = PBXBuildFile; fileRef = 27E2CC332AF41257003712DC /* WidgetKit.framework */; };
		27E2CC362AF41257003712DC /* SwiftUI.framework in Frameworks */ = {isa = PBXBuildFile; fileRef = 27E2CC352AF41257003712DC /* SwiftUI.framework */; };
		27E2CC392AF41257003712DC /* SwiftCalWidgetBundle.swift in Sources */ = {isa = PBXBuildFile; fileRef = 27E2CC382AF41257003712DC /* SwiftCalWidgetBundle.swift */; };
		27E2CC3B2AF41257003712DC /* SwiftCalWidget.swift in Sources */ = {isa = PBXBuildFile; fileRef = 27E2CC3A2AF41257003712DC /* SwiftCalWidget.swift */; };
		27E2CC3D2AF41258003712DC /* Assets.xcassets in Resources */ = {isa = PBXBuildFile; fileRef = 27E2CC3C2AF41258003712DC /* Assets.xcassets */; };
		27E2CC412AF41258003712DC /* SwiftCalWidgetExtension.appex in Embed Foundation Extensions */ = {isa = PBXBuildFile; fileRef = 27E2CC312AF41257003712DC /* SwiftCalWidgetExtension.appex */; settings = {ATTRIBUTES = (RemoveHeadersOnCopy, ); }; };
		27E2CC492AF46072003712DC /* SwiftCalWidgetEntryView.swift in Sources */ = {isa = PBXBuildFile; fileRef = 27E2CC482AF46072003712DC /* SwiftCalWidgetEntryView.swift */; };
		27E2CC4B2AF4609E003712DC /* Provider.swift in Sources */ = {isa = PBXBuildFile; fileRef = 27E2CC4A2AF4609E003712DC /* Provider.swift */; };
		27E2CC4D2AF460B9003712DC /* Entry.swift in Sources */ = {isa = PBXBuildFile; fileRef = 27E2CC4C2AF460B9003712DC /* Entry.swift */; };
		27E2CC502AF4620C003712DC /* SharedStreakView.swift in Sources */ = {isa = PBXBuildFile; fileRef = 27E2CC4F2AF4620C003712DC /* SharedStreakView.swift */; };
		27E2CC512AF4620C003712DC /* SharedStreakView.swift in Sources */ = {isa = PBXBuildFile; fileRef = 27E2CC4F2AF4620C003712DC /* SharedStreakView.swift */; };
		27E2CC532AF4633F003712DC /* SharedCalendarHeader.swift in Sources */ = {isa = PBXBuildFile; fileRef = 27E2CC522AF4633F003712DC /* SharedCalendarHeader.swift */; };
		27E2CC542AF4633F003712DC /* SharedCalendarHeader.swift in Sources */ = {isa = PBXBuildFile; fileRef = 27E2CC522AF4633F003712DC /* SharedCalendarHeader.swift */; };
		27E2CC562AF4641C003712DC /* SharedCalendarGridView.swift in Sources */ = {isa = PBXBuildFile; fileRef = 27E2CC552AF4641C003712DC /* SharedCalendarGridView.swift */; };
		27E2CC572AF4641C003712DC /* SharedCalendarGridView.swift in Sources */ = {isa = PBXBuildFile; fileRef = 27E2CC552AF4641C003712DC /* SharedCalendarGridView.swift */; };
		27E2CC592AF46489003712DC /* Day+.swift in Sources */ = {isa = PBXBuildFile; fileRef = 27E2CC582AF46489003712DC /* Day+.swift */; };
		27E2CC5A2AF46489003712DC /* Day+.swift in Sources */ = {isa = PBXBuildFile; fileRef = 27E2CC582AF46489003712DC /* Day+.swift */; };
		27E2CC5B2AF464E2003712DC /* SwiftCal.xcdatamodeld in Sources */ = {isa = PBXBuildFile; fileRef = 277E178B2AF18F86004E7A77 /* SwiftCal.xcdatamodeld */; };
		27E2CC5C2AF464FF003712DC /* Date+.swift in Sources */ = {isa = PBXBuildFile; fileRef = 277E17932AF19E1E004E7A77 /* Date+.swift */; };
		27E2CC5D2AF466E3003712DC /* Persistence.swift in Sources */ = {isa = PBXBuildFile; fileRef = 277E17892AF18F86004E7A77 /* Persistence.swift */; };
		27E2CC5F2AF469D5003712DC /* StreakCalculator.swift in Sources */ = {isa = PBXBuildFile; fileRef = 27E2CC5E2AF469D5003712DC /* StreakCalculator.swift */; };
		27E2CC602AF469D5003712DC /* StreakCalculator.swift in Sources */ = {isa = PBXBuildFile; fileRef = 27E2CC5E2AF469D5003712DC /* StreakCalculator.swift */; };
/* End PBXBuildFile section */

/* Begin PBXContainerItemProxy section */
		27E2CC3F2AF41258003712DC /* PBXContainerItemProxy */ = {
			isa = PBXContainerItemProxy;
			containerPortal = 277E17752AF18F85004E7A77 /* Project object */;
			proxyType = 1;
			remoteGlobalIDString = 27E2CC302AF41257003712DC;
			remoteInfo = SwiftCalWidgetExtension;
		};
/* End PBXContainerItemProxy section */

/* Begin PBXCopyFilesBuildPhase section */
		27E2CC422AF41258003712DC /* Embed Foundation Extensions */ = {
			isa = PBXCopyFilesBuildPhase;
			buildActionMask = 2147483647;
			dstPath = "";
			dstSubfolderSpec = 13;
			files = (
				27E2CC412AF41258003712DC /* SwiftCalWidgetExtension.appex in Embed Foundation Extensions */,
			);
			name = "Embed Foundation Extensions";
			runOnlyForDeploymentPostprocessing = 0;
		};
/* End PBXCopyFilesBuildPhase section */

/* Begin PBXFileReference section */
		27747C722AF961520088C321 /* MediumCalendarView.swift */ = {isa = PBXFileReference; lastKnownFileType = sourcecode.swift; path = MediumCalendarView.swift; sourceTree = "<group>"; };
		27747C752AF963C10088C321 /* CircularCalendarView.swift */ = {isa = PBXFileReference; lastKnownFileType = sourcecode.swift; path = CircularCalendarView.swift; sourceTree = "<group>"; };
		27747C782AF9660B0088C321 /* RectangularCalendarView.swift */ = {isa = PBXFileReference; lastKnownFileType = sourcecode.swift; path = RectangularCalendarView.swift; sourceTree = "<group>"; };
		277E177D2AF18F85004E7A77 /* SwiftCal.app */ = {isa = PBXFileReference; explicitFileType = wrapper.application; includeInIndex = 0; path = SwiftCal.app; sourceTree = BUILT_PRODUCTS_DIR; };
		277E17802AF18F85004E7A77 /* SwiftCalApp.swift */ = {isa = PBXFileReference; lastKnownFileType = sourcecode.swift; path = SwiftCalApp.swift; sourceTree = "<group>"; };
		277E17822AF18F85004E7A77 /* CalendarView.swift */ = {isa = PBXFileReference; lastKnownFileType = sourcecode.swift; path = CalendarView.swift; sourceTree = "<group>"; };
		277E17842AF18F86004E7A77 /* Assets.xcassets */ = {isa = PBXFileReference; lastKnownFileType = folder.assetcatalog; path = Assets.xcassets; sourceTree = "<group>"; };
		277E17872AF18F86004E7A77 /* Preview Assets.xcassets */ = {isa = PBXFileReference; lastKnownFileType = folder.assetcatalog; path = "Preview Assets.xcassets"; sourceTree = "<group>"; };
		277E17892AF18F86004E7A77 /* Persistence.swift */ = {isa = PBXFileReference; lastKnownFileType = sourcecode.swift; path = Persistence.swift; sourceTree = "<group>"; };
		277E178C2AF18F86004E7A77 /* SwiftCal.xcdatamodel */ = {isa = PBXFileReference; lastKnownFileType = wrapper.xcdatamodel; path = SwiftCal.xcdatamodel; sourceTree = "<group>"; };
		277E17932AF19E1E004E7A77 /* Date+.swift */ = {isa = PBXFileReference; lastKnownFileType = sourcecode.swift; path = "Date+.swift"; sourceTree = "<group>"; };
		277E17952AF1A82B004E7A77 /* StreakView.swift */ = {isa = PBXFileReference; lastKnownFileType = sourcecode.swift; path = StreakView.swift; sourceTree = "<group>"; };
		27E2CC312AF41257003712DC /* SwiftCalWidgetExtension.appex */ = {isa = PBXFileReference; explicitFileType = "wrapper.app-extension"; includeInIndex = 0; path = SwiftCalWidgetExtension.appex; sourceTree = BUILT_PRODUCTS_DIR; };
		27E2CC332AF41257003712DC /* WidgetKit.framework */ = {isa = PBXFileReference; lastKnownFileType = wrapper.framework; name = WidgetKit.framework; path = System/Library/Frameworks/WidgetKit.framework; sourceTree = SDKROOT; };
		27E2CC352AF41257003712DC /* SwiftUI.framework */ = {isa = PBXFileReference; lastKnownFileType = wrapper.framework; name = SwiftUI.framework; path = System/Library/Frameworks/SwiftUI.framework; sourceTree = SDKROOT; };
		27E2CC382AF41257003712DC /* SwiftCalWidgetBundle.swift */ = {isa = PBXFileReference; lastKnownFileType = sourcecode.swift; path = SwiftCalWidgetBundle.swift; sourceTree = "<group>"; };
		27E2CC3A2AF41257003712DC /* SwiftCalWidget.swift */ = {isa = PBXFileReference; lastKnownFileType = sourcecode.swift; path = SwiftCalWidget.swift; sourceTree = "<group>"; };
		27E2CC3C2AF41258003712DC /* Assets.xcassets */ = {isa = PBXFileReference; lastKnownFileType = folder.assetcatalog; path = Assets.xcassets; sourceTree = "<group>"; };
		27E2CC3E2AF41258003712DC /* Info.plist */ = {isa = PBXFileReference; lastKnownFileType = text.plist.xml; path = Info.plist; sourceTree = "<group>"; };
		27E2CC462AF41293003712DC /* SwiftCal.entitlements */ = {isa = PBXFileReference; lastKnownFileType = text.plist.entitlements; path = SwiftCal.entitlements; sourceTree = "<group>"; };
		27E2CC472AF45BE0003712DC /* SwiftCalWidgetExtension.entitlements */ = {isa = PBXFileReference; lastKnownFileType = text.plist.entitlements; path = SwiftCalWidgetExtension.entitlements; sourceTree = "<group>"; };
		27E2CC482AF46072003712DC /* SwiftCalWidgetEntryView.swift */ = {isa = PBXFileReference; lastKnownFileType = sourcecode.swift; path = SwiftCalWidgetEntryView.swift; sourceTree = "<group>"; };
		27E2CC4A2AF4609E003712DC /* Provider.swift */ = {isa = PBXFileReference; lastKnownFileType = sourcecode.swift; path = Provider.swift; sourceTree = "<group>"; };
		27E2CC4C2AF460B9003712DC /* Entry.swift */ = {isa = PBXFileReference; lastKnownFileType = sourcecode.swift; path = Entry.swift; sourceTree = "<group>"; };
		27E2CC4F2AF4620C003712DC /* SharedStreakView.swift */ = {isa = PBXFileReference; lastKnownFileType = sourcecode.swift; path = SharedStreakView.swift; sourceTree = "<group>"; };
		27E2CC522AF4633F003712DC /* SharedCalendarHeader.swift */ = {isa = PBXFileReference; lastKnownFileType = sourcecode.swift; path = SharedCalendarHeader.swift; sourceTree = "<group>"; };
		27E2CC552AF4641C003712DC /* SharedCalendarGridView.swift */ = {isa = PBXFileReference; lastKnownFileType = sourcecode.swift; path = SharedCalendarGridView.swift; sourceTree = "<group>"; };
		27E2CC582AF46489003712DC /* Day+.swift */ = {isa = PBXFileReference; lastKnownFileType = sourcecode.swift; path = "Day+.swift"; sourceTree = "<group>"; };
		27E2CC5E2AF469D5003712DC /* StreakCalculator.swift */ = {isa = PBXFileReference; lastKnownFileType = sourcecode.swift; path = StreakCalculator.swift; sourceTree = "<group>"; };
/* End PBXFileReference section */

/* Begin PBXFrameworksBuildPhase section */
		277E177A2AF18F85004E7A77 /* Frameworks */ = {
			isa = PBXFrameworksBuildPhase;
			buildActionMask = 2147483647;
			files = (
			);
			runOnlyForDeploymentPostprocessing = 0;
		};
		27E2CC2E2AF41257003712DC /* Frameworks */ = {
			isa = PBXFrameworksBuildPhase;
			buildActionMask = 2147483647;
			files = (
				27E2CC362AF41257003712DC /* SwiftUI.framework in Frameworks */,
				27E2CC342AF41257003712DC /* WidgetKit.framework in Frameworks */,
			);
			runOnlyForDeploymentPostprocessing = 0;
		};
/* End PBXFrameworksBuildPhase section */

/* Begin PBXGroup section */
		27747C712AF9612D0088C321 /* Views */ = {
			isa = PBXGroup;
			children = (
				27747C722AF961520088C321 /* MediumCalendarView.swift */,
				27747C752AF963C10088C321 /* CircularCalendarView.swift */,
				27747C782AF9660B0088C321 /* RectangularCalendarView.swift */,
			);
			path = Views;
			sourceTree = "<group>";
		};
		277E17742AF18F85004E7A77 = {
			isa = PBXGroup;
			children = (
				27E2CC472AF45BE0003712DC /* SwiftCalWidgetExtension.entitlements */,
				277E177F2AF18F85004E7A77 /* SwiftCal */,
				27E2CC372AF41257003712DC /* SwiftCalWidget */,
				27E2CC322AF41257003712DC /* Frameworks */,
				277E177E2AF18F85004E7A77 /* Products */,
			);
			sourceTree = "<group>";
		};
		277E177E2AF18F85004E7A77 /* Products */ = {
			isa = PBXGroup;
			children = (
				277E177D2AF18F85004E7A77 /* SwiftCal.app */,
				27E2CC312AF41257003712DC /* SwiftCalWidgetExtension.appex */,
			);
			name = Products;
			sourceTree = "<group>";
		};
		277E177F2AF18F85004E7A77 /* SwiftCal */ = {
			isa = PBXGroup;
			children = (
				27E2CC4E2AF461FC003712DC /* Shared */,
				27E2CC462AF41293003712DC /* SwiftCal.entitlements */,
				277E17802AF18F85004E7A77 /* SwiftCalApp.swift */,
				277E17822AF18F85004E7A77 /* CalendarView.swift */,
				277E17952AF1A82B004E7A77 /* StreakView.swift */,
				277E17842AF18F86004E7A77 /* Assets.xcassets */,
				277E178B2AF18F86004E7A77 /* SwiftCal.xcdatamodeld */,
				277E17862AF18F86004E7A77 /* Preview Content */,
			);
			path = SwiftCal;
			sourceTree = "<group>";
		};
		277E17862AF18F86004E7A77 /* Preview Content */ = {
			isa = PBXGroup;
			children = (
				277E17872AF18F86004E7A77 /* Preview Assets.xcassets */,
			);
			path = "Preview Content";
			sourceTree = "<group>";
		};
		27E2CC322AF41257003712DC /* Frameworks */ = {
			isa = PBXGroup;
			children = (
				27E2CC332AF41257003712DC /* WidgetKit.framework */,
				27E2CC352AF41257003712DC /* SwiftUI.framework */,
			);
			name = Frameworks;
			sourceTree = "<group>";
		};
		27E2CC372AF41257003712DC /* SwiftCalWidget */ = {
			isa = PBXGroup;
			children = (
				27747C712AF9612D0088C321 /* Views */,
				27E2CC382AF41257003712DC /* SwiftCalWidgetBundle.swift */,
				27E2CC3A2AF41257003712DC /* SwiftCalWidget.swift */,
				27E2CC482AF46072003712DC /* SwiftCalWidgetEntryView.swift */,
				27E2CC4A2AF4609E003712DC /* Provider.swift */,
				27E2CC4C2AF460B9003712DC /* Entry.swift */,
				27E2CC3C2AF41258003712DC /* Assets.xcassets */,
				27E2CC3E2AF41258003712DC /* Info.plist */,
			);
			path = SwiftCalWidget;
			sourceTree = "<group>";
		};
		27E2CC4E2AF461FC003712DC /* Shared */ = {
			isa = PBXGroup;
			children = (
				277E17892AF18F86004E7A77 /* Persistence.swift */,
				277E17932AF19E1E004E7A77 /* Date+.swift */,
				27E2CC4F2AF4620C003712DC /* SharedStreakView.swift */,
				27E2CC522AF4633F003712DC /* SharedCalendarHeader.swift */,
				27E2CC552AF4641C003712DC /* SharedCalendarGridView.swift */,
				27E2CC582AF46489003712DC /* Day+.swift */,
				27E2CC5E2AF469D5003712DC /* StreakCalculator.swift */,
			);
			path = Shared;
			sourceTree = "<group>";
		};
/* End PBXGroup section */

/* Begin PBXNativeTarget section */
		277E177C2AF18F85004E7A77 /* SwiftCal */ = {
			isa = PBXNativeTarget;
			buildConfigurationList = 277E17902AF18F86004E7A77 /* Build configuration list for PBXNativeTarget "SwiftCal" */;
			buildPhases = (
				277E17792AF18F85004E7A77 /* Sources */,
				277E177A2AF18F85004E7A77 /* Frameworks */,
				277E177B2AF18F85004E7A77 /* Resources */,
				27E2CC422AF41258003712DC /* Embed Foundation Extensions */,
			);
			buildRules = (
			);
			dependencies = (
				27E2CC402AF41258003712DC /* PBXTargetDependency */,
			);
			name = SwiftCal;
			productName = SwiftCal;
			productReference = 277E177D2AF18F85004E7A77 /* SwiftCal.app */;
			productType = "com.apple.product-type.application";
		};
		27E2CC302AF41257003712DC /* SwiftCalWidgetExtension */ = {
			isa = PBXNativeTarget;
			buildConfigurationList = 27E2CC452AF41258003712DC /* Build configuration list for PBXNativeTarget "SwiftCalWidgetExtension" */;
			buildPhases = (
				27E2CC2D2AF41257003712DC /* Sources */,
				27E2CC2E2AF41257003712DC /* Frameworks */,
				27E2CC2F2AF41257003712DC /* Resources */,
			);
			buildRules = (
			);
			dependencies = (
			);
			name = SwiftCalWidgetExtension;
			productName = SwiftCalWidgetExtension;
			productReference = 27E2CC312AF41257003712DC /* SwiftCalWidgetExtension.appex */;
			productType = "com.apple.product-type.app-extension";
		};
/* End PBXNativeTarget section */

/* Begin PBXProject section */
		277E17752AF18F85004E7A77 /* Project object */ = {
			isa = PBXProject;
			attributes = {
				BuildIndependentTargetsInParallel = 1;
				LastSwiftUpdateCheck = 1500;
				LastUpgradeCheck = 1500;
				TargetAttributes = {
					277E177C2AF18F85004E7A77 = {
						CreatedOnToolsVersion = 15.0;
					};
					27E2CC302AF41257003712DC = {
						CreatedOnToolsVersion = 15.0;
					};
				};
			};
			buildConfigurationList = 277E17782AF18F85004E7A77 /* Build configuration list for PBXProject "SwiftCal" */;
			compatibilityVersion = "Xcode 14.0";
			developmentRegion = en;
			hasScannedForEncodings = 0;
			knownRegions = (
				en,
				Base,
			);
			mainGroup = 277E17742AF18F85004E7A77;
			productRefGroup = 277E177E2AF18F85004E7A77 /* Products */;
			projectDirPath = "";
			projectRoot = "";
			targets = (
				277E177C2AF18F85004E7A77 /* SwiftCal */,
				27E2CC302AF41257003712DC /* SwiftCalWidgetExtension */,
			);
		};
/* End PBXProject section */

/* Begin PBXResourcesBuildPhase section */
		277E177B2AF18F85004E7A77 /* Resources */ = {
			isa = PBXResourcesBuildPhase;
			buildActionMask = 2147483647;
			files = (
				277E17882AF18F86004E7A77 /* Preview Assets.xcassets in Resources */,
				277E17852AF18F86004E7A77 /* Assets.xcassets in Resources */,
			);
			runOnlyForDeploymentPostprocessing = 0;
		};
		27E2CC2F2AF41257003712DC /* Resources */ = {
			isa = PBXResourcesBuildPhase;
			buildActionMask = 2147483647;
			files = (
				27E2CC3D2AF41258003712DC /* Assets.xcassets in Resources */,
			);
			runOnlyForDeploymentPostprocessing = 0;
		};
/* End PBXResourcesBuildPhase section */

/* Begin PBXSourcesBuildPhase section */
		277E17792AF18F85004E7A77 /* Sources */ = {
			isa = PBXSourcesBuildPhase;
			buildActionMask = 2147483647;
			files = (
				277E17962AF1A82B004E7A77 /* StreakView.swift in Sources */,
				277E178A2AF18F86004E7A77 /* Persistence.swift in Sources */,
				27E2CC502AF4620C003712DC /* SharedStreakView.swift in Sources */,
				27E2CC5F2AF469D5003712DC /* StreakCalculator.swift in Sources */,
				277E17832AF18F85004E7A77 /* CalendarView.swift in Sources */,
				277E17942AF19E1E004E7A77 /* Date+.swift in Sources */,
				277E178D2AF18F86004E7A77 /* SwiftCal.xcdatamodeld in Sources */,
				27E2CC592AF46489003712DC /* Day+.swift in Sources */,
				277E17812AF18F85004E7A77 /* SwiftCalApp.swift in Sources */,
				27E2CC562AF4641C003712DC /* SharedCalendarGridView.swift in Sources */,
				27E2CC532AF4633F003712DC /* SharedCalendarHeader.swift in Sources */,
			);
			runOnlyForDeploymentPostprocessing = 0;
		};
		27E2CC2D2AF41257003712DC /* Sources */ = {
			isa = PBXSourcesBuildPhase;
			buildActionMask = 2147483647;
			files = (
				27E2CC5C2AF464FF003712DC /* Date+.swift in Sources */,
				27E2CC5B2AF464E2003712DC /* SwiftCal.xcdatamodeld in Sources */,
				27E2CC542AF4633F003712DC /* SharedCalendarHeader.swift in Sources */,
				27747C742AF961700088C321 /* MediumCalendarView.swift in Sources */,
				27E2CC572AF4641C003712DC /* SharedCalendarGridView.swift in Sources */,
				27747C7A2AF966460088C321 /* RectangularCalendarView.swift in Sources */,
				27E2CC4D2AF460B9003712DC /* Entry.swift in Sources */,
				27E2CC512AF4620C003712DC /* SharedStreakView.swift in Sources */,
				27E2CC602AF469D5003712DC /* StreakCalculator.swift in Sources */,
				27E2CC4B2AF4609E003712DC /* Provider.swift in Sources */,
				27E2CC3B2AF41257003712DC /* SwiftCalWidget.swift in Sources */,
				27E2CC492AF46072003712DC /* SwiftCalWidgetEntryView.swift in Sources */,
				27E2CC5D2AF466E3003712DC /* Persistence.swift in Sources */,
				27E2CC5A2AF46489003712DC /* Day+.swift in Sources */,
				27747C772AF963EA0088C321 /* CircularCalendarView.swift in Sources */,
				27E2CC392AF41257003712DC /* SwiftCalWidgetBundle.swift in Sources */,
			);
			runOnlyForDeploymentPostprocessing = 0;
		};
/* End PBXSourcesBuildPhase section */

/* Begin PBXTargetDependency section */
		27E2CC402AF41258003712DC /* PBXTargetDependency */ = {
			isa = PBXTargetDependency;
			target = 27E2CC302AF41257003712DC /* SwiftCalWidgetExtension */;
			targetProxy = 27E2CC3F2AF41258003712DC /* PBXContainerItemProxy */;
		};
/* End PBXTargetDependency section */

/* Begin XCBuildConfiguration section */
		277E178E2AF18F86004E7A77 /* Debug */ = {
			isa = XCBuildConfiguration;
			buildSettings = {
				ALWAYS_SEARCH_USER_PATHS = NO;
				ASSETCATALOG_COMPILER_GENERATE_SWIFT_ASSET_SYMBOL_EXTENSIONS = YES;
				CLANG_ANALYZER_NONNULL = YES;
				CLANG_ANALYZER_NUMBER_OBJECT_CONVERSION = YES_AGGRESSIVE;
				CLANG_CXX_LANGUAGE_STANDARD = "gnu++20";
				CLANG_ENABLE_MODULES = YES;
				CLANG_ENABLE_OBJC_ARC = YES;
				CLANG_ENABLE_OBJC_WEAK = YES;
				CLANG_WARN_BLOCK_CAPTURE_AUTORELEASING = YES;
				CLANG_WARN_BOOL_CONVERSION = YES;
				CLANG_WARN_COMMA = YES;
				CLANG_WARN_CONSTANT_CONVERSION = YES;
				CLANG_WARN_DEPRECATED_OBJC_IMPLEMENTATIONS = YES;
				CLANG_WARN_DIRECT_OBJC_ISA_USAGE = YES_ERROR;
				CLANG_WARN_DOCUMENTATION_COMMENTS = YES;
				CLANG_WARN_EMPTY_BODY = YES;
				CLANG_WARN_ENUM_CONVERSION = YES;
				CLANG_WARN_INFINITE_RECURSION = YES;
				CLANG_WARN_INT_CONVERSION = YES;
				CLANG_WARN_NON_LITERAL_NULL_CONVERSION = YES;
				CLANG_WARN_OBJC_IMPLICIT_RETAIN_SELF = YES;
				CLANG_WARN_OBJC_LITERAL_CONVERSION = YES;
				CLANG_WARN_OBJC_ROOT_CLASS = YES_ERROR;
				CLANG_WARN_QUOTED_INCLUDE_IN_FRAMEWORK_HEADER = YES;
				CLANG_WARN_RANGE_LOOP_ANALYSIS = YES;
				CLANG_WARN_STRICT_PROTOTYPES = YES;
				CLANG_WARN_SUSPICIOUS_MOVE = YES;
				CLANG_WARN_UNGUARDED_AVAILABILITY = YES_AGGRESSIVE;
				CLANG_WARN_UNREACHABLE_CODE = YES;
				CLANG_WARN__DUPLICATE_METHOD_MATCH = YES;
				COPY_PHASE_STRIP = NO;
				DEBUG_INFORMATION_FORMAT = dwarf;
				ENABLE_STRICT_OBJC_MSGSEND = YES;
				ENABLE_TESTABILITY = YES;
				ENABLE_USER_SCRIPT_SANDBOXING = YES;
				GCC_C_LANGUAGE_STANDARD = gnu17;
				GCC_DYNAMIC_NO_PIC = NO;
				GCC_NO_COMMON_BLOCKS = YES;
				GCC_OPTIMIZATION_LEVEL = 0;
				GCC_PREPROCESSOR_DEFINITIONS = (
					"DEBUG=1",
					"$(inherited)",
				);
				GCC_WARN_64_TO_32_BIT_CONVERSION = YES;
				GCC_WARN_ABOUT_RETURN_TYPE = YES_ERROR;
				GCC_WARN_UNDECLARED_SELECTOR = YES;
				GCC_WARN_UNINITIALIZED_AUTOS = YES_AGGRESSIVE;
				GCC_WARN_UNUSED_FUNCTION = YES;
				GCC_WARN_UNUSED_VARIABLE = YES;
				IPHONEOS_DEPLOYMENT_TARGET = 17.0;
				LOCALIZATION_PREFERS_STRING_CATALOGS = YES;
				MTL_ENABLE_DEBUG_INFO = INCLUDE_SOURCE;
				MTL_FAST_MATH = YES;
				ONLY_ACTIVE_ARCH = YES;
				SDKROOT = iphoneos;
				SWIFT_ACTIVE_COMPILATION_CONDITIONS = "DEBUG $(inherited)";
				SWIFT_OPTIMIZATION_LEVEL = "-Onone";
			};
			name = Debug;
		};
		277E178F2AF18F86004E7A77 /* Release */ = {
			isa = XCBuildConfiguration;
			buildSettings = {
				ALWAYS_SEARCH_USER_PATHS = NO;
				ASSETCATALOG_COMPILER_GENERATE_SWIFT_ASSET_SYMBOL_EXTENSIONS = YES;
				CLANG_ANALYZER_NONNULL = YES;
				CLANG_ANALYZER_NUMBER_OBJECT_CONVERSION = YES_AGGRESSIVE;
				CLANG_CXX_LANGUAGE_STANDARD = "gnu++20";
				CLANG_ENABLE_MODULES = YES;
				CLANG_ENABLE_OBJC_ARC = YES;
				CLANG_ENABLE_OBJC_WEAK = YES;
				CLANG_WARN_BLOCK_CAPTURE_AUTORELEASING = YES;
				CLANG_WARN_BOOL_CONVERSION = YES;
				CLANG_WARN_COMMA = YES;
				CLANG_WARN_CONSTANT_CONVERSION = YES;
				CLANG_WARN_DEPRECATED_OBJC_IMPLEMENTATIONS = YES;
				CLANG_WARN_DIRECT_OBJC_ISA_USAGE = YES_ERROR;
				CLANG_WARN_DOCUMENTATION_COMMENTS = YES;
				CLANG_WARN_EMPTY_BODY = YES;
				CLANG_WARN_ENUM_CONVERSION = YES;
				CLANG_WARN_INFINITE_RECURSION = YES;
				CLANG_WARN_INT_CONVERSION = YES;
				CLANG_WARN_NON_LITERAL_NULL_CONVERSION = YES;
				CLANG_WARN_OBJC_IMPLICIT_RETAIN_SELF = YES;
				CLANG_WARN_OBJC_LITERAL_CONVERSION = YES;
				CLANG_WARN_OBJC_ROOT_CLASS = YES_ERROR;
				CLANG_WARN_QUOTED_INCLUDE_IN_FRAMEWORK_HEADER = YES;
				CLANG_WARN_RANGE_LOOP_ANALYSIS = YES;
				CLANG_WARN_STRICT_PROTOTYPES = YES;
				CLANG_WARN_SUSPICIOUS_MOVE = YES;
				CLANG_WARN_UNGUARDED_AVAILABILITY = YES_AGGRESSIVE;
				CLANG_WARN_UNREACHABLE_CODE = YES;
				CLANG_WARN__DUPLICATE_METHOD_MATCH = YES;
				COPY_PHASE_STRIP = NO;
				DEBUG_INFORMATION_FORMAT = "dwarf-with-dsym";
				ENABLE_NS_ASSERTIONS = NO;
				ENABLE_STRICT_OBJC_MSGSEND = YES;
				ENABLE_USER_SCRIPT_SANDBOXING = YES;
				GCC_C_LANGUAGE_STANDARD = gnu17;
				GCC_NO_COMMON_BLOCKS = YES;
				GCC_WARN_64_TO_32_BIT_CONVERSION = YES;
				GCC_WARN_ABOUT_RETURN_TYPE = YES_ERROR;
				GCC_WARN_UNDECLARED_SELECTOR = YES;
				GCC_WARN_UNINITIALIZED_AUTOS = YES_AGGRESSIVE;
				GCC_WARN_UNUSED_FUNCTION = YES;
				GCC_WARN_UNUSED_VARIABLE = YES;
				IPHONEOS_DEPLOYMENT_TARGET = 17.0;
				LOCALIZATION_PREFERS_STRING_CATALOGS = YES;
				MTL_ENABLE_DEBUG_INFO = NO;
				MTL_FAST_MATH = YES;
				SDKROOT = iphoneos;
				SWIFT_COMPILATION_MODE = wholemodule;
				VALIDATE_PRODUCT = YES;
			};
			name = Release;
		};
		277E17912AF18F86004E7A77 /* Debug */ = {
			isa = XCBuildConfiguration;
			buildSettings = {
				ALWAYS_EMBED_SWIFT_STANDARD_LIBRARIES = YES;
				ASSETCATALOG_COMPILER_APPICON_NAME = AppIcon;
				ASSETCATALOG_COMPILER_GLOBAL_ACCENT_COLOR_NAME = AccentColor;
				CODE_SIGN_ENTITLEMENTS = SwiftCal/SwiftCal.entitlements;
				CODE_SIGN_STYLE = Automatic;
				CURRENT_PROJECT_VERSION = 1;
				DEVELOPMENT_ASSET_PATHS = "\"SwiftCal/Preview Content\"";
				DEVELOPMENT_TEAM = 579X949DTW;
				ENABLE_PREVIEWS = YES;
				GENERATE_INFOPLIST_FILE = YES;
				INFOPLIST_KEY_UIApplicationSceneManifest_Generation = YES;
				INFOPLIST_KEY_UIApplicationSupportsIndirectInputEvents = YES;
				INFOPLIST_KEY_UILaunchScreen_Generation = YES;
				INFOPLIST_KEY_UISupportedInterfaceOrientations_iPad = "UIInterfaceOrientationPortrait UIInterfaceOrientationPortraitUpsideDown UIInterfaceOrientationLandscapeLeft UIInterfaceOrientationLandscapeRight";
				INFOPLIST_KEY_UISupportedInterfaceOrientations_iPhone = "UIInterfaceOrientationPortrait UIInterfaceOrientationLandscapeLeft UIInterfaceOrientationLandscapeRight";
				LD_RUNPATH_SEARCH_PATHS = (
					"$(inherited)",
					"@executable_path/Frameworks",
				);
				MARKETING_VERSION = 1.0;
				PRODUCT_BUNDLE_IDENTIFIER = com.alextos.SwiftCal;
				PRODUCT_NAME = "$(TARGET_NAME)";
				SWIFT_EMIT_LOC_STRINGS = YES;
				SWIFT_VERSION = 5.0;
				TARGETED_DEVICE_FAMILY = "1,2";
			};
			name = Debug;
		};
		277E17922AF18F86004E7A77 /* Release */ = {
			isa = XCBuildConfiguration;
			buildSettings = {
				ALWAYS_EMBED_SWIFT_STANDARD_LIBRARIES = YES;
				ASSETCATALOG_COMPILER_APPICON_NAME = AppIcon;
				ASSETCATALOG_COMPILER_GLOBAL_ACCENT_COLOR_NAME = AccentColor;
				CODE_SIGN_ENTITLEMENTS = SwiftCal/SwiftCal.entitlements;
				CODE_SIGN_STYLE = Automatic;
				CURRENT_PROJECT_VERSION = 1;
				DEVELOPMENT_ASSET_PATHS = "\"SwiftCal/Preview Content\"";
				DEVELOPMENT_TEAM = 579X949DTW;
				ENABLE_PREVIEWS = YES;
				GENERATE_INFOPLIST_FILE = YES;
				INFOPLIST_KEY_UIApplicationSceneManifest_Generation = YES;
				INFOPLIST_KEY_UIApplicationSupportsIndirectInputEvents = YES;
				INFOPLIST_KEY_UILaunchScreen_Generation = YES;
				INFOPLIST_KEY_UISupportedInterfaceOrientations_iPad = "UIInterfaceOrientationPortrait UIInterfaceOrientationPortraitUpsideDown UIInterfaceOrientationLandscapeLeft UIInterfaceOrientationLandscapeRight";
				INFOPLIST_KEY_UISupportedInterfaceOrientations_iPhone = "UIInterfaceOrientationPortrait UIInterfaceOrientationLandscapeLeft UIInterfaceOrientationLandscapeRight";
				LD_RUNPATH_SEARCH_PATHS = (
					"$(inherited)",
					"@executable_path/Frameworks",
				);
				MARKETING_VERSION = 1.0;
				PRODUCT_BUNDLE_IDENTIFIER = com.alextos.SwiftCal;
				PRODUCT_NAME = "$(TARGET_NAME)";
				SWIFT_EMIT_LOC_STRINGS = YES;
				SWIFT_VERSION = 5.0;
				TARGETED_DEVICE_FAMILY = "1,2";
			};
			name = Release;
		};
		27E2CC432AF41258003712DC /* Debug */ = {
			isa = XCBuildConfiguration;
			buildSettings = {
				ASSETCATALOG_COMPILER_GLOBAL_ACCENT_COLOR_NAME = AccentColor;
				ASSETCATALOG_COMPILER_WIDGET_BACKGROUND_COLOR_NAME = WidgetBackground;
				CODE_SIGN_ENTITLEMENTS = SwiftCalWidgetExtension.entitlements;
				CODE_SIGN_STYLE = Automatic;
				CURRENT_PROJECT_VERSION = 1;
				DEVELOPMENT_TEAM = 579X949DTW;
				GENERATE_INFOPLIST_FILE = YES;
				INFOPLIST_FILE = SwiftCalWidget/Info.plist;
				INFOPLIST_KEY_CFBundleDisplayName = SwiftCalWidget;
				INFOPLIST_KEY_NSHumanReadableCopyright = "";
				LD_RUNPATH_SEARCH_PATHS = (
					"$(inherited)",
					"@executable_path/Frameworks",
					"@executable_path/../../Frameworks",
				);
				MARKETING_VERSION = 1.0;
				PRODUCT_BUNDLE_IDENTIFIER = com.alextos.SwiftCal.SwiftCalWidget;
				PRODUCT_NAME = "$(TARGET_NAME)";
				SKIP_INSTALL = YES;
				SWIFT_EMIT_LOC_STRINGS = YES;
				SWIFT_VERSION = 5.0;
				TARGETED_DEVICE_FAMILY = "1,2";
			};
			name = Debug;
		};
		27E2CC442AF41258003712DC /* Release */ = {
			isa = XCBuildConfiguration;
			buildSettings = {
				ASSETCATALOG_COMPILER_GLOBAL_ACCENT_COLOR_NAME = AccentColor;
				ASSETCATALOG_COMPILER_WIDGET_BACKGROUND_COLOR_NAME = WidgetBackground;
				CODE_SIGN_ENTITLEMENTS = SwiftCalWidgetExtension.entitlements;
				CODE_SIGN_STYLE = Automatic;
				CURRENT_PROJECT_VERSION = 1;
				DEVELOPMENT_TEAM = 579X949DTW;
				GENERATE_INFOPLIST_FILE = YES;
				INFOPLIST_FILE = SwiftCalWidget/Info.plist;
				INFOPLIST_KEY_CFBundleDisplayName = SwiftCalWidget;
				INFOPLIST_KEY_NSHumanReadableCopyright = "";
				LD_RUNPATH_SEARCH_PATHS = (
					"$(inherited)",
					"@executable_path/Frameworks",
					"@executable_path/../../Frameworks",
				);
				MARKETING_VERSION = 1.0;
				PRODUCT_BUNDLE_IDENTIFIER = com.alextos.SwiftCal.SwiftCalWidget;
				PRODUCT_NAME = "$(TARGET_NAME)";
				SKIP_INSTALL = YES;
				SWIFT_EMIT_LOC_STRINGS = YES;
				SWIFT_VERSION = 5.0;
				TARGETED_DEVICE_FAMILY = "1,2";
			};
			name = Release;
		};
/* End XCBuildConfiguration section */

/* Begin XCConfigurationList section */
		277E17782AF18F85004E7A77 /* Build configuration list for PBXProject "SwiftCal" */ = {
			isa = XCConfigurationList;
			buildConfigurations = (
				277E178E2AF18F86004E7A77 /* Debug */,
				277E178F2AF18F86004E7A77 /* Release */,
			);
			defaultConfigurationIsVisible = 0;
			defaultConfigurationName = Release;
		};
		277E17902AF18F86004E7A77 /* Build configuration list for PBXNativeTarget "SwiftCal" */ = {
			isa = XCConfigurationList;
			buildConfigurations = (
				277E17912AF18F86004E7A77 /* Debug */,
				277E17922AF18F86004E7A77 /* Release */,
			);
			defaultConfigurationIsVisible = 0;
			defaultConfigurationName = Release;
		};
		27E2CC452AF41258003712DC /* Build configuration list for PBXNativeTarget "SwiftCalWidgetExtension" */ = {
			isa = XCConfigurationList;
			buildConfigurations = (
				27E2CC432AF41258003712DC /* Debug */,
				27E2CC442AF41258003712DC /* Release */,
			);
			defaultConfigurationIsVisible = 0;
			defaultConfigurationName = Release;
		};
/* End XCConfigurationList section */

/* Begin XCVersionGroup section */
		277E178B2AF18F86004E7A77 /* SwiftCal.xcdatamodeld */ = {
			isa = XCVersionGroup;
			children = (
				277E178C2AF18F86004E7A77 /* SwiftCal.xcdatamodel */,
			);
			currentVersion = 277E178C2AF18F86004E7A77 /* SwiftCal.xcdatamodel */;
			path = SwiftCal.xcdatamodeld;
			sourceTree = "<group>";
			versionGroupType = wrapper.xcdatamodel;
		};
/* End XCVersionGroup section */
	};
	rootObject = 277E17752AF18F85004E7A77 /* Project object */;
}
